[[package]]
name = "adafruit-blinka"
version = "7.0.0"
description = "CircuitPython APIs for non-CircuitPython versions of Python such as CPython on Linux and MicroPython."
category = "main"
optional = false
python-versions = ">=3.7.0"

[package.dependencies]
Adafruit-PlatformDetect = ">=3.13.0"
Adafruit-PureIO = ">=1.1.7"
pyftdi = ">=0.40.0"

[[package]]
name = "adafruit-circuitpython-dht"
version = "3.7.1"
description = "CircuitPython support for DHT11 and DHT22 type temperature/humidity devices"
category = "main"
optional = false
python-versions = "*"

[package.dependencies]
Adafruit-Blinka = "*"

[[package]]
name = "adafruit-platformdetect"
version = "3.19.6"
description = "Platform detection for use by libraries like Adafruit-Blinka."
category = "main"
optional = false
python-versions = ">=3.6.0"

[[package]]
name = "adafruit-pureio"
version = "1.1.9"
description = "Pure python (i.e. no native extensions) access to Linux IO    including I2C and SPI. Drop in replacement for smbus and spidev modules."
category = "main"
optional = false
python-versions = ">=3.5.0"

[[package]]
name = "prometheus-client"
version = "0.13.1"
description = "Python client for the Prometheus monitoring system."
category = "main"
optional = false
python-versions = ">=3.6"

[package.extras]
twisted = ["twisted"]

[[package]]
name = "pyftdi"
version = "0.53.3"
description = "FTDI device driver (pure Python)"
category = "main"
optional = false
python-versions = ">=3.6"

[package.dependencies]
pyserial = ">=3.0"
pyusb = ">=1.0.0,<1.2.0 || >1.2.0"

[[package]]
name = "pyserial"
version = "3.5"
description = "Python Serial Port Extension"
category = "main"
optional = false
python-versions = "*"

[package.extras]
cp2110 = ["hidapi"]

[[package]]
name = "pyusb"
version = "1.2.1"
description = "Python USB access module"
category = "main"
optional = false
python-versions = ">=3.6.0"

[metadata]
lock-version = "1.1"
python-versions = "^3.8"
content-hash = "e405051cf19de353ecb01295ed4014a6bce4c2755a966f4dc85f0267987fcd21"

[metadata.files]
adafruit-blinka = [
    {file = "Adafruit-Blinka-7.0.0.tar.gz", hash = "sha256:48e1a76878bba8c8bdf8243c9e8b5599e129e0ca9345f6a711d68e8fc8fd9faa"},
]
adafruit-circuitpython-dht = [
    {file = "adafruit-circuitpython-dht-3.7.1.tar.gz", hash = "sha256:b653b79b19028a06512e4a280caa2427abe62bf52b5a915320411a4c2008cef1"},
]
adafruit-platformdetect = [
    {file = "Adafruit-PlatformDetect-3.19.6.tar.gz", hash = "sha256:63d83403da558c455c213c9a42cc807b0eabada4cfc19b9ebd2b030f8e9cd033"},
]
adafruit-pureio = [
    {file = "Adafruit_PureIO-1.1.9.tar.gz", hash = "sha256:2caf22fb07c7f771d83267f331a76cde314723f884a9570ea6f768730c87a879"},
]
prometheus-client = [
    {file = "prometheus_client-0.13.1-py3-none-any.whl", hash = "sha256:357a447fd2359b0a1d2e9b311a0c5778c330cfbe186d880ad5a6b39884652316"},
    {file = "prometheus_client-0.13.1.tar.gz", hash = "sha256:ada41b891b79fca5638bd5cfe149efa86512eaa55987893becd2c6d8d0a5dfc5"},
]
pyftdi = [
    {file = "pyftdi-0.53.3-py3-none-any.whl", hash = "sha256:6e86880ec6d66389de643ca83de5d59fffea3bd334f492e12fab71a832f878a2"},
    {file = "pyftdi-0.53.3.tar.gz", hash = "sha256:4ef20c246bdb0f278d283337d7a6e69cf9bdb0ead525e7ad867d9e46ad26e613"},
]
pyserial = [
    {file = "pyserial-3.5-py2.py3-none-any.whl", hash = "sha256:c4451db6ba391ca6ca299fb3ec7bae67a5c55dde170964c7a14ceefec02f2cf0"},
    {file = "pyserial-3.5.tar.gz", hash = "sha256:3c77e014170dfffbd816e6ffc205e9842efb10be9f58ec16d3e8675b4925cddb"},
]
pyusb = [
    {file = "pyusb-1.2.1-py3-none-any.whl", hash = "sha256:2b4c7cb86dbadf044dfb9d3a4ff69fd217013dbe78a792177a3feb172449ea36"},
    {file = "pyusb-1.2.1.tar.gz", hash = "sha256:a4cc7404a203144754164b8b40994e2849fde1cfff06b08492f12fff9d9de7b9"},
]
